
Microsoft Visual Studio Solution File, Format Version 12.00
# Visual Studio 16
Project("{FAE04EC0-301F-11D3-BF4B-00C04F79EFBC}") = "Assembly-CSharp", "Assembly-CSharp.csproj", "{D381F81D-68F0-5BF0-99D0-615995176627}"
EndProject
Project("{FAE04EC0-301F-11D3-BF4B-00C04F79EFBC}") = "Assembly-CSharp-Editor", "Assembly-CSharp-Editor.csproj", "{8ED36015-E754-68E7-C614-30FC19AD615C}"
EndProject
Global
	GlobalSection(SolutionConfigurationPlatforms) = preSolution
		Debug|Any CPU = Debug|Any CPU
		Release|Any CPU = Release|Any CPU
	EndGlobalSection
	GlobalSection(ProjectConfigurationPlatforms) = postSolution
		{D381F81D-68F0-5BF0-99D0-615995176627}.Debug|Any CPU.ActiveCfg = Debug|Any CPU
		{D381F81D-68F0-5BF0-99D0-615995176627}.Debug|Any CPU.Build.0 = Debug|Any CPU
		{D381F81D-68F0-5BF0-99D0-615995176627}.Release|Any CPU.ActiveCfg = Release|Any CPU
		{D381F81D-68F0-5BF0-99D0-615995176627}.Release|Any CPU.Build.0 = Release|Any CPU
		{8ED36015-E754-68E7-C614-30FC19AD615C}.Debug|Any CPU.ActiveCfg = Debug|Any CPU
		{8ED36015-E754-68E7-C614-30FC19AD615C}.Debug|Any CPU.Build.0 = Debug|Any CPU
		{8ED36015-E754-68E7-C614-30FC19AD615C}.Release|Any CPU.ActiveCfg = Release|Any CPU
		{8ED36015-E754-68E7-C614-30FC19AD615C}.Release|Any CPU.Build.0 = Release|Any CPU
	EndGlobalSection
	GlobalSection(SolutionProperties) = preSolution
		HideSolutionNode = FALSE
	EndGlobalSection
EndGlobal
